
Microsoft Visual Studio Solution File, Format Version 12.00
# Visual Studio 15
VisualStudioVersion = 15.0.28307.645
MinimumVisualStudioVersion = 10.0.40219.1
Project("{FAE04EC0-301F-11D3-BF4B-00C04F79EFBC}") = "UpASAP", "UpASAP.csproj", "{BFB14F95-91B1-4D72-AB12-B4ABFBEE1A7B}"
EndProject
Global
	GlobalSection(SolutionConfigurationPlatforms) = preSolution
		Debug|Any CPU = Debug|Any CPU
		Release|Any CPU = Release|Any CPU
	EndGlobalSection
	GlobalSection(ProjectConfigurationPlatforms) = postSolution
		{BFB14F95-91B1-4D72-AB12-B4ABFBEE1A7B}.Debug|Any CPU.ActiveCfg = Debug|Any CPU
		{BFB14F95-91B1-4D72-AB12-B4ABFBEE1A7B}.Debug|Any CPU.Build.0 = Debug|Any CPU
		{BFB14F95-91B1-4D72-AB12-B4ABFBEE1A7B}.Release|Any CPU.ActiveCfg = Release|Any CPU
		{BFB14F95-91B1-4D72-AB12-B4ABFBEE1A7B}.Release|Any CPU.Build.0 = Release|Any CPU
	EndGlobalSection
	GlobalSection(SolutionProperties) = preSolution
		HideSolutionNode = FALSE
	EndGlobalSection
	GlobalSection(ExtensibilityGlobals) = postSolution
		SolutionGuid = {73224119-A7FC-4923-8F39-9CDA546A0857}
	EndGlobalSection
EndGlobal
